// !$*UTF8*$!
{
	archiveVersion = 1;
	classes = {
	};
	objectVersion = 60;
	objects = {

/* Begin PBXBuildFile section */
		55AF1EF92B8DABA90020CDC6 /* BatteryWebhookLib in Frameworks */ = {isa = PBXBuildFile; productRef = 55AF1EF82B8DABA90020CDC6 /* BatteryWebhookLib */; };
		55DB0CC42B29977C00112AAA /* AppDelegate.swift in Sources */ = {isa = PBXBuildFile; fileRef = 55DB0CC32B29977C00112AAA /* AppDelegate.swift */; };
		55DB0CC62B29977C00112AAA /* SceneDelegate.swift in Sources */ = {isa = PBXBuildFile; fileRef = 55DB0CC52B29977C00112AAA /* SceneDelegate.swift */; };
		55DB0CC82B29977C00112AAA /* ViewController.swift in Sources */ = {isa = PBXBuildFile; fileRef = 55DB0CC72B29977C00112AAA /* ViewController.swift */; };
		55DB0CCB2B29977C00112AAA /* Main.storyboard in Resources */ = {isa = PBXBuildFile; fileRef = 55DB0CC92B29977C00112AAA /* Main.storyboard */; };
		55DB0CCD2B29977D00112AAA /* Assets.xcassets in Resources */ = {isa = PBXBuildFile; fileRef = 55DB0CCC2B29977D00112AAA /* Assets.xcassets */; };
		55DB0CD02B29977D00112AAA /* LaunchScreen.storyboard in Resources */ = {isa = PBXBuildFile; fileRef = 55DB0CCE2B29977D00112AAA /* LaunchScreen.storyboard */; };
		55DB0CDF2B29A47F00112AAA /* color.swift in Sources */ = {isa = PBXBuildFile; fileRef = 55DB0CDE2B29A47F00112AAA /* color.swift */; };
/* End PBXBuildFile section */

/* Begin PBXFileReference section */
		55DB0CC02B29977C00112AAA /* BWTest.app */ = {isa = PBXFileReference; explicitFileType = wrapper.application; includeInIndex = 0; path = BWTest.app; sourceTree = BUILT_PRODUCTS_DIR; };
		55DB0CC32B29977C00112AAA /* AppDelegate.swift */ = {isa = PBXFileReference; lastKnownFileType = sourcecode.swift; path = AppDelegate.swift; sourceTree = "<group>"; };
		55DB0CC52B29977C00112AAA /* SceneDelegate.swift */ = {isa = PBXFileReference; lastKnownFileType = sourcecode.swift; path = SceneDelegate.swift; sourceTree = "<group>"; };
		55DB0CC72B29977C00112AAA /* ViewController.swift */ = {isa = PBXFileReference; lastKnownFileType = sourcecode.swift; path = ViewController.swift; sourceTree = "<group>"; };
		55DB0CCA2B29977C00112AAA /* Base */ = {isa = PBXFileReference; lastKnownFileType = file.storyboard; name = Base; path = Base.lproj/Main.storyboard; sourceTree = "<group>"; };
		55DB0CCC2B29977D00112AAA /* Assets.xcassets */ = {isa = PBXFileReference; lastKnownFileType = folder.assetcatalog; path = Assets.xcassets; sourceTree = "<group>"; };
		55DB0CCF2B29977D00112AAA /* Base */ = {isa = PBXFileReference; lastKnownFileType = file.storyboard; name = Base; path = Base.lproj/LaunchScreen.storyboard; sourceTree = "<group>"; };
		55DB0CD12B29977D00112AAA /* Info.plist */ = {isa = PBXFileReference; lastKnownFileType = text.plist.xml; path = Info.plist; sourceTree = "<group>"; };
		55DB0CDE2B29A47F00112AAA /* color.swift */ = {isa = PBXFileReference; lastKnownFileType = sourcecode.swift; path = color.swift; sourceTree = "<group>"; };
/* End PBXFileReference section */

/* Begin PBXFrameworksBuildPhase section */
		55DB0CBD2B29977C00112AAA /* Frameworks */ = {
			isa = PBXFrameworksBuildPhase;
			buildActionMask = 2147483647;
			files = (
				55AF1EF92B8DABA90020CDC6 /* BatteryWebhookLib in Frameworks */,
			);
			runOnlyForDeploymentPostprocessing = 0;
		};
/* End PBXFrameworksBuildPhase section */

/* Begin PBXGroup section */
		55DB0CB72B29977C00112AAA = {
			isa = PBXGroup;
			children = (
				55DB0CC22B29977C00112AAA /* BWTest */,
				55DB0CC12B29977C00112AAA /* Products */,
				55DB0CDB2B299D6A00112AAA /* Frameworks */,
			);
			sourceTree = "<group>";
		};
		55DB0CC12B29977C00112AAA /* Products */ = {
			isa = PBXGroup;
			children = (
				55DB0CC02B29977C00112AAA /* BWTest.app */,
			);
			name = Products;
			sourceTree = "<group>";
		};
		55DB0CC22B29977C00112AAA /* BWTest */ = {
			isa = PBXGroup;
			children = (
				55DB0CC32B29977C00112AAA /* AppDelegate.swift */,
				55DB0CC52B29977C00112AAA /* SceneDelegate.swift */,
				55DB0CC72B29977C00112AAA /* ViewController.swift */,
				55DB0CC92B29977C00112AAA /* Main.storyboard */,
				55DB0CCC2B29977D00112AAA /* Assets.xcassets */,
				55DB0CCE2B29977D00112AAA /* LaunchScreen.storyboard */,
				55DB0CD12B29977D00112AAA /* Info.plist */,
				55DB0CDE2B29A47F00112AAA /* color.swift */,
			);
			path = BWTest;
			sourceTree = "<group>";
		};
		55DB0CDB2B299D6A00112AAA /* Frameworks */ = {
			isa = PBXGroup;
			children = (
			);
			name = Frameworks;
			sourceTree = "<group>";
		};
/* End PBXGroup section */

/* Begin PBXNativeTarget section */
		55DB0CBF2B29977C00112AAA /* BWTest */ = {
			isa = PBXNativeTarget;
			buildConfigurationList = 55DB0CD42B29977D00112AAA /* Build configuration list for PBXNativeTarget "BWTest" */;
			buildPhases = (
				55DB0CBC2B29977C00112AAA /* Sources */,
				55DB0CBD2B29977C00112AAA /* Frameworks */,
				55DB0CBE2B29977C00112AAA /* Resources */,
			);
			buildRules = (
			);
			dependencies = (
			);
			name = BWTest;
			packageProductDependencies = (
				55AF1EF82B8DABA90020CDC6 /* BatteryWebhookLib */,
			);
			productName = BWTest;
			productReference = 55DB0CC02B29977C00112AAA /* BWTest.app */;
			productType = "com.apple.product-type.application";
		};
/* End PBXNativeTarget section */

/* Begin PBXProject section */
		55DB0CB82B29977C00112AAA /* Project object */ = {
			isa = PBXProject;
			attributes = {
				BuildIndependentTargetsInParallel = 1;
				LastSwiftUpdateCheck = 1510;
				LastUpgradeCheck = 1510;
				TargetAttributes = {
					55DB0CBF2B29977C00112AAA = {
						CreatedOnToolsVersion = 15.1;
					};
				};
			};
			buildConfigurationList = 55DB0CBB2B29977C00112AAA /* Build configuration list for PBXProject "BWTest" */;
			compatibilityVersion = "Xcode 14.0";
			developmentRegion = en;
			hasScannedForEncodings = 0;
			knownRegions = (
				en,
				Base,
			);
			mainGroup = 55DB0CB72B29977C00112AAA;
			packageReferences = (
				55AF1EF72B8DABA90020CDC6 /* XCLocalSwiftPackageReference "../BatteryWebhookPkg" */,
			);
			productRefGroup = 55DB0CC12B29977C00112AAA /* Products */;
			projectDirPath = "";
			projectRoot = "";
			targets = (
				55DB0CBF2B29977C00112AAA /* BWTest */,
			);
		};
/* End PBXProject section */

/* Begin PBXResourcesBuildPhase section */
		55DB0CBE2B29977C00112AAA /* Resources */ = {
			isa = PBXResourcesBuildPhase;
			buildActionMask = 2147483647;
			files = (
				55DB0CD02B29977D00112AAA /* LaunchScreen.storyboard in Resources */,
				55DB0CCD2B29977D00112AAA /* Assets.xcassets in Resources */,
				55DB0CCB2B29977C00112AAA /* Main.storyboard in Resources */,
			);
			runOnlyForDeploymentPostprocessing = 0;
		};
/* End PBXResourcesBuildPhase section */

/* Begin PBXSourcesBuildPhase section */
		55DB0CBC2B29977C00112AAA /* Sources */ = {
			isa = PBXSourcesBuildPhase;
			buildActionMask = 2147483647;
			files = (
				55DB0CC82B29977C00112AAA /* ViewController.swift in Sources */,
				55DB0CDF2B29A47F00112AAA /* color.swift in Sources */,
				55DB0CC42B29977C00112AAA /* AppDelegate.swift in Sources */,
				55DB0CC62B29977C00112AAA /* SceneDelegate.swift in Sources */,
			);
			runOnlyForDeploymentPostprocessing = 0;
		};
/* End PBXSourcesBuildPhase section */

/* Begin PBXVariantGroup section */
		55DB0CC92B29977C00112AAA /* Main.storyboard */ = {
			isa = PBXVariantGroup;
			children = (
				55DB0CCA2B29977C00112AAA /* Base */,
			);
			name = Main.storyboard;
			sourceTree = "<group>";
		};
		55DB0CCE2B29977D00112AAA /* LaunchScreen.storyboard */ = {
			isa = PBXVariantGroup;
			children = (
				55DB0CCF2B29977D00112AAA /* Base */,
			);
			name = LaunchScreen.storyboard;
			sourceTree = "<group>";
		};
/* End PBXVariantGroup section */

/* Begin XCBuildConfiguration section */
		55DB0CD22B29977D00112AAA /* Debug */ = {
			isa = XCBuildConfiguration;
			buildSettings = {
				ALWAYS_SEARCH_USER_PATHS = NO;
				ASSETCATALOG_COMPILER_GENERATE_SWIFT_ASSET_SYMBOL_EXTENSIONS = YES;
				CLANG_ANALYZER_NONNULL = YES;
				CLANG_ANALYZER_NUMBER_OBJECT_CONVERSION = YES_AGGRESSIVE;
				CLANG_CXX_LANGUAGE_STANDARD = "gnu++20";
				CLANG_ENABLE_MODULES = YES;
				CLANG_ENABLE_OBJC_ARC = YES;
				CLANG_ENABLE_OBJC_WEAK = YES;
				CLANG_WARN_BLOCK_CAPTURE_AUTORELEASING = YES;
				CLANG_WARN_BOOL_CONVERSION = YES;
				CLANG_WARN_COMMA = YES;
				CLANG_WARN_CONSTANT_CONVERSION = YES;
				CLANG_WARN_DEPRECATED_OBJC_IMPLEMENTATIONS = YES;
				CLANG_WARN_DIRECT_OBJC_ISA_USAGE = YES_ERROR;
				CLANG_WARN_DOCUMENTATION_COMMENTS = YES;
				CLANG_WARN_EMPTY_BODY = YES;
				CLANG_WARN_ENUM_CONVERSION = YES;
				CLANG_WARN_INFINITE_RECURSION = YES;
				CLANG_WARN_INT_CONVERSION = YES;
				CLANG_WARN_NON_LITERAL_NULL_CONVERSION = YES;
				CLANG_WARN_OBJC_IMPLICIT_RETAIN_SELF = YES;
				CLANG_WARN_OBJC_LITERAL_CONVERSION = YES;
				CLANG_WARN_OBJC_ROOT_CLASS = YES_ERROR;
				CLANG_WARN_QUOTED_INCLUDE_IN_FRAMEWORK_HEADER = YES;
				CLANG_WARN_RANGE_LOOP_ANALYSIS = YES;
				CLANG_WARN_STRICT_PROTOTYPES = YES;
				CLANG_WARN_SUSPICIOUS_MOVE = YES;
				CLANG_WARN_UNGUARDED_AVAILABILITY = YES_AGGRESSIVE;
				CLANG_WARN_UNREACHABLE_CODE = YES;
				CLANG_WARN__DUPLICATE_METHOD_MATCH = YES;
				COPY_PHASE_STRIP = NO;
				DEBUG_INFORMATION_FORMAT = dwarf;
				ENABLE_STRICT_OBJC_MSGSEND = YES;
				ENABLE_TESTABILITY = YES;
				ENABLE_USER_SCRIPT_SANDBOXING = YES;
				GCC_C_LANGUAGE_STANDARD = gnu17;
				GCC_DYNAMIC_NO_PIC = NO;
				GCC_NO_COMMON_BLOCKS = YES;
				GCC_OPTIMIZATION_LEVEL = 0;
				GCC_PREPROCESSOR_DEFINITIONS = (
					"DEBUG=1",
					"$(inherited)",
				);
				GCC_WARN_64_TO_32_BIT_CONVERSION = YES;
				GCC_WARN_ABOUT_RETURN_TYPE = YES_ERROR;
				GCC_WARN_UNDECLARED_SELECTOR = YES;
				GCC_WARN_UNINITIALIZED_AUTOS = YES_AGGRESSIVE;
				GCC_WARN_UNUSED_FUNCTION = YES;
				GCC_WARN_UNUSED_VARIABLE = YES;
				IPHONEOS_DEPLOYMENT_TARGET = 17.2;
				LOCALIZATION_PREFERS_STRING_CATALOGS = YES;
				MTL_ENABLE_DEBUG_INFO = INCLUDE_SOURCE;
				MTL_FAST_MATH = YES;
				ONLY_ACTIVE_ARCH = YES;
				SDKROOT = iphoneos;
				SWIFT_ACTIVE_COMPILATION_CONDITIONS = "DEBUG $(inherited)";
				SWIFT_OPTIMIZATION_LEVEL = "-Onone";
			};
			name = Debug;
		};
		55DB0CD32B29977D00112AAA /* Release */ = {
			isa = XCBuildConfiguration;
			buildSettings = {
				ALWAYS_SEARCH_USER_PATHS = NO;
				ASSETCATALOG_COMPILER_GENERATE_SWIFT_ASSET_SYMBOL_EXTENSIONS = YES;
				CLANG_ANALYZER_NONNULL = YES;
				CLANG_ANALYZER_NUMBER_OBJECT_CONVERSION = YES_AGGRESSIVE;
				CLANG_CXX_LANGUAGE_STANDARD = "gnu++20";
				CLANG_ENABLE_MODULES = YES;
				CLANG_ENABLE_OBJC_ARC = YES;
				CLANG_ENABLE_OBJC_WEAK = YES;
				CLANG_WARN_BLOCK_CAPTURE_AUTORELEASING = YES;
				CLANG_WARN_BOOL_CONVERSION = YES;
				CLANG_WARN_COMMA = YES;
				CLANG_WARN_CONSTANT_CONVERSION = YES;
				CLANG_WARN_DEPRECATED_OBJC_IMPLEMENTATIONS = YES;
				CLANG_WARN_DIRECT_OBJC_ISA_USAGE = YES_ERROR;
				CLANG_WARN_DOCUMENTATION_COMMENTS = YES;
				CLANG_WARN_EMPTY_BODY = YES;
				CLANG_WARN_ENUM_CONVERSION = YES;
				CLANG_WARN_INFINITE_RECURSION = YES;
				CLANG_WARN_INT_CONVERSION = YES;
				CLANG_WARN_NON_LITERAL_NULL_CONVERSION = YES;
				CLANG_WARN_OBJC_IMPLICIT_RETAIN_SELF = YES;
				CLANG_WARN_OBJC_LITERAL_CONVERSION = YES;
				CLANG_WARN_OBJC_ROOT_CLASS = YES_ERROR;
				CLANG_WARN_QUOTED_INCLUDE_IN_FRAMEWORK_HEADER = YES;
				CLANG_WARN_RANGE_LOOP_ANALYSIS = YES;
				CLANG_WARN_STRICT_PROTOTYPES = YES;
				CLANG_WARN_SUSPICIOUS_MOVE = YES;
				CLANG_WARN_UNGUARDED_AVAILABILITY = YES_AGGRESSIVE;
				CLANG_WARN_UNREACHABLE_CODE = YES;
				CLANG_WARN__DUPLICATE_METHOD_MATCH = YES;
				COPY_PHASE_STRIP = NO;
				DEBUG_INFORMATION_FORMAT = "dwarf-with-dsym";
				ENABLE_NS_ASSERTIONS = NO;
				ENABLE_STRICT_OBJC_MSGSEND = YES;
				ENABLE_USER_SCRIPT_SANDBOXING = YES;
				GCC_C_LANGUAGE_STANDARD = gnu17;
				GCC_NO_COMMON_BLOCKS = YES;
				GCC_WARN_64_TO_32_BIT_CONVERSION = YES;
				GCC_WARN_ABOUT_RETURN_TYPE = YES_ERROR;
				GCC_WARN_UNDECLARED_SELECTOR = YES;
				GCC_WARN_UNINITIALIZED_AUTOS = YES_AGGRESSIVE;
				GCC_WARN_UNUSED_FUNCTION = YES;
				GCC_WARN_UNUSED_VARIABLE = YES;
				IPHONEOS_DEPLOYMENT_TARGET = 17.2;
				LOCALIZATION_PREFERS_STRING_CATALOGS = YES;
				MTL_ENABLE_DEBUG_INFO = NO;
				MTL_FAST_MATH = YES;
				SDKROOT = iphoneos;
				SWIFT_COMPILATION_MODE = wholemodule;
				VALIDATE_PRODUCT = YES;
			};
			name = Release;
		};
		55DB0CD52B29977D00112AAA /* Debug */ = {
			isa = XCBuildConfiguration;
			buildSettings = {
				ASSETCATALOG_COMPILER_APPICON_NAME = AppIcon;
				ASSETCATALOG_COMPILER_GLOBAL_ACCENT_COLOR_NAME = AccentColor;
				CODE_SIGN_STYLE = Automatic;
				CURRENT_PROJECT_VERSION = 1;
				DEVELOPMENT_TEAM = FBT742498U;
				GENERATE_INFOPLIST_FILE = YES;
				INFOPLIST_FILE = BWTest/Info.plist;
				INFOPLIST_KEY_UIApplicationSupportsIndirectInputEvents = YES;
				INFOPLIST_KEY_UILaunchStoryboardName = LaunchScreen;
				INFOPLIST_KEY_UIMainStoryboardFile = Main;
				INFOPLIST_KEY_UISupportedInterfaceOrientations_iPad = "UIInterfaceOrientationPortrait UIInterfaceOrientationPortraitUpsideDown UIInterfaceOrientationLandscapeLeft UIInterfaceOrientationLandscapeRight";
				INFOPLIST_KEY_UISupportedInterfaceOrientations_iPhone = "UIInterfaceOrientationPortrait UIInterfaceOrientationLandscapeLeft UIInterfaceOrientationLandscapeRight";
				IPHONEOS_DEPLOYMENT_TARGET = 14.0;
				LD_RUNPATH_SEARCH_PATHS = (
					"$(inherited)",
					"@executable_path/Frameworks",
				);
				MARKETING_VERSION = 1.0;
				PRODUCT_BUNDLE_IDENTIFIER = thatstel.la.BWTest;
				PRODUCT_NAME = "$(TARGET_NAME)";
				SWIFT_EMIT_LOC_STRINGS = YES;
				SWIFT_VERSION = 5.0;
				TARGETED_DEVICE_FAMILY = "1,2";
			};
			name = Debug;
		};
		55DB0CD62B29977D00112AAA /* Release */ = {
			isa = XCBuildConfiguration;
			buildSettings = {
				ASSETCATALOG_COMPILER_APPICON_NAME = AppIcon;
				ASSETCATALOG_COMPILER_GLOBAL_ACCENT_COLOR_NAME = AccentColor;
				CODE_SIGN_STYLE = Automatic;
				CURRENT_PROJECT_VERSION = 1;
				DEVELOPMENT_TEAM = FBT742498U;
				GENERATE_INFOPLIST_FILE = YES;
				INFOPLIST_FILE = BWTest/Info.plist;
				INFOPLIST_KEY_UIApplicationSupportsIndirectInputEvents = YES;
				INFOPLIST_KEY_UILaunchStoryboardName = LaunchScreen;
				INFOPLIST_KEY_UIMainStoryboardFile = Main;
				INFOPLIST_KEY_UISupportedInterfaceOrientations_iPad = "UIInterfaceOrientationPortrait UIInterfaceOrientationPortraitUpsideDown UIInterfaceOrientationLandscapeLeft UIInterfaceOrientationLandscapeRight";
				INFOPLIST_KEY_UISupportedInterfaceOrientations_iPhone = "UIInterfaceOrientationPortrait UIInterfaceOrientationLandscapeLeft UIInterfaceOrientationLandscapeRight";
				IPHONEOS_DEPLOYMENT_TARGET = 14.0;
				LD_RUNPATH_SEARCH_PATHS = (
					"$(inherited)",
					"@executable_path/Frameworks",
				);
				MARKETING_VERSION = 1.0;
				PRODUCT_BUNDLE_IDENTIFIER = thatstel.la.BWTest;
				PRODUCT_NAME = "$(TARGET_NAME)";
				SWIFT_EMIT_LOC_STRINGS = YES;
				SWIFT_VERSION = 5.0;
				TARGETED_DEVICE_FAMILY = "1,2";
			};
			name = Release;
		};
/* End XCBuildConfiguration section */

/* Begin XCConfigurationList section */
		55DB0CBB2B29977C00112AAA /* Build configuration list for PBXProject "BWTest" */ = {
			isa = XCConfigurationList;
			buildConfigurations = (
				55DB0CD22B29977D00112AAA /* Debug */,
				55DB0CD32B29977D00112AAA /* Release */,
			);
			defaultConfigurationIsVisible = 0;
			defaultConfigurationName = Release;
		};
		55DB0CD42B29977D00112AAA /* Build configuration list for PBXNativeTarget "BWTest" */ = {
			isa = XCConfigurationList;
			buildConfigurations = (
				55DB0CD52B29977D00112AAA /* Debug */,
				55DB0CD62B29977D00112AAA /* Release */,
			);
			defaultConfigurationIsVisible = 0;
			defaultConfigurationName = Release;
		};
/* End XCConfigurationList section */

/* Begin XCLocalSwiftPackageReference section */
		55AF1EF72B8DABA90020CDC6 /* XCLocalSwiftPackageReference "../BatteryWebhookPkg" */ = {
			isa = XCLocalSwiftPackageReference;
			relativePath = ../BatteryWebhookPkg;
		};
/* End XCLocalSwiftPackageReference section */

/* Begin XCSwiftPackageProductDependency section */
		55AF1EF82B8DABA90020CDC6 /* BatteryWebhookLib */ = {
			isa = XCSwiftPackageProductDependency;
			productName = BatteryWebhookLib;
		};
/* End XCSwiftPackageProductDependency section */
	};
	rootObject = 55DB0CB82B29977C00112AAA /* Project object */;
}
