// !$*UTF8*$!
{
	archiveVersion = 1;
	classes = {
	};
	objectVersion = 56;
	objects = {

/* Begin PBXBuildFile section */
		5120A3B72A78EC3A000B05B3 /* dcbattwebhook-swift-watch.app in Embed Watch Content */ = {isa = PBXBuildFile; fileRef = 5120A3AA2A78EC39000B05B3 /* dcbattwebhook-swift-watch.app */; platformFilter = ios; settings = {ATTRIBUTES = (RemoveHeadersOnCopy, ); }; };
		5120A3BC2A78EC92000B05B3 /* Assets.xcassets in Resources */ = {isa = PBXBuildFile; fileRef = 550348CB291D7FB9006551B0 /* Assets.xcassets */; };
		5173E4162A78EE980076663F /* dcbattwebhook_swiftApp.swift in Sources */ = {isa = PBXBuildFile; fileRef = 550348C7291D7FB9006551B0 /* dcbattwebhook_swiftApp.swift */; };
		5173E4172A78EE980076663F /* AboutView.swift in Sources */ = {isa = PBXBuildFile; fileRef = 55950C5B291DDCDF00F1CAD8 /* AboutView.swift */; };
		5173E4182A78EE980076663F /* SettingsUtils.swift in Sources */ = {isa = PBXBuildFile; fileRef = 55E7AEAC29257AF1002E6869 /* SettingsUtils.swift */; };
		5173E4192A78EE980076663F /* ContentView.swift in Sources */ = {isa = PBXBuildFile; fileRef = 550348C9291D7FB9006551B0 /* ContentView.swift */; };
		5173E41A2A78EE980076663F /* HomeUIView.swift in Sources */ = {isa = PBXBuildFile; fileRef = 550348DC291DA3BC006551B0 /* HomeUIView.swift */; };
		5173E41B2A78EE980076663F /* SettingsValidator.swift in Sources */ = {isa = PBXBuildFile; fileRef = 55ED8937291F628700CB170C /* SettingsValidator.swift */; };
		5173E41C2A78EE980076663F /* SendBatteryInfo.swift in Sources */ = {isa = PBXBuildFile; fileRef = 55950C59291DAC8400F1CAD8 /* SendBatteryInfo.swift */; };
		5173E41D2A78EE980076663F /* MessageBuilder.swift in Sources */ = {isa = PBXBuildFile; fileRef = 55B4E8E729316C0600492C77 /* MessageBuilder.swift */; };
		5173E41E2A78EE980076663F /* EmbedStructs.swift in Sources */ = {isa = PBXBuildFile; fileRef = 55B4E8E92931742300492C77 /* EmbedStructs.swift */; };
		5173E41F2A78EE980076663F /* TimeCounter.swift in Sources */ = {isa = PBXBuildFile; fileRef = 556FE4A429253A0100C09A63 /* TimeCounter.swift */; };
		5173E4202A78EE980076663F /* AutomationSettingsView.swift in Sources */ = {isa = PBXBuildFile; fileRef = 55DE492829328BEB00DC68C3 /* AutomationSettingsView.swift */; };
		5173E4212A78EE980076663F /* WebhookSettingsView.swift in Sources */ = {isa = PBXBuildFile; fileRef = 557299C82936D5DF00D7523D /* WebhookSettingsView.swift */; };
		5173E4222A78EE980076663F /* SettingsView.swift in Sources */ = {isa = PBXBuildFile; fileRef = 550348D6291D84E1006551B0 /* SettingsView.swift */; };
		5173E4232A78EE980076663F /* DeviceInfo.swift in Sources */ = {isa = PBXBuildFile; fileRef = 550348D8291D9EB7006551B0 /* DeviceInfo.swift */; };
		5173E4252A78F1520076663F /* SessionDelegate.swift in Sources */ = {isa = PBXBuildFile; fileRef = 5173E4242A78F1520076663F /* SessionDelegate.swift */; };
		5173E4262A78F1520076663F /* SessionDelegate.swift in Sources */ = {isa = PBXBuildFile; fileRef = 5173E4242A78F1520076663F /* SessionDelegate.swift */; };
		550348C8291D7FB9006551B0 /* dcbattwebhook_swiftApp.swift in Sources */ = {isa = PBXBuildFile; fileRef = 550348C7291D7FB9006551B0 /* dcbattwebhook_swiftApp.swift */; };
		550348CA291D7FB9006551B0 /* ContentView.swift in Sources */ = {isa = PBXBuildFile; fileRef = 550348C9291D7FB9006551B0 /* ContentView.swift */; };
		550348CC291D7FB9006551B0 /* Assets.xcassets in Resources */ = {isa = PBXBuildFile; fileRef = 550348CB291D7FB9006551B0 /* Assets.xcassets */; };
		550348D0291D7FB9006551B0 /* Preview Assets.xcassets in Resources */ = {isa = PBXBuildFile; fileRef = 550348CF291D7FB9006551B0 /* Preview Assets.xcassets */; };
		550348D7291D84E1006551B0 /* SettingsView.swift in Sources */ = {isa = PBXBuildFile; fileRef = 550348D6291D84E1006551B0 /* SettingsView.swift */; };
		550348D9291D9EB7006551B0 /* DeviceInfo.swift in Sources */ = {isa = PBXBuildFile; fileRef = 550348D8291D9EB7006551B0 /* DeviceInfo.swift */; };
		550348DD291DA3BC006551B0 /* HomeUIView.swift in Sources */ = {isa = PBXBuildFile; fileRef = 550348DC291DA3BC006551B0 /* HomeUIView.swift */; };
		556FE4A529253A0100C09A63 /* TimeCounter.swift in Sources */ = {isa = PBXBuildFile; fileRef = 556FE4A429253A0100C09A63 /* TimeCounter.swift */; };
		557299C92936D5DF00D7523D /* WebhookSettingsView.swift in Sources */ = {isa = PBXBuildFile; fileRef = 557299C82936D5DF00D7523D /* WebhookSettingsView.swift */; };
		55950C5A291DAC8400F1CAD8 /* SendBatteryInfo.swift in Sources */ = {isa = PBXBuildFile; fileRef = 55950C59291DAC8400F1CAD8 /* SendBatteryInfo.swift */; };
		55950C5C291DDCDF00F1CAD8 /* AboutView.swift in Sources */ = {isa = PBXBuildFile; fileRef = 55950C5B291DDCDF00F1CAD8 /* AboutView.swift */; };
		55B4E8E829316C0600492C77 /* MessageBuilder.swift in Sources */ = {isa = PBXBuildFile; fileRef = 55B4E8E729316C0600492C77 /* MessageBuilder.swift */; };
		55B4E8EA2931742300492C77 /* EmbedStructs.swift in Sources */ = {isa = PBXBuildFile; fileRef = 55B4E8E92931742300492C77 /* EmbedStructs.swift */; };
		55DE492929328BEB00DC68C3 /* AutomationSettingsView.swift in Sources */ = {isa = PBXBuildFile; fileRef = 55DE492829328BEB00DC68C3 /* AutomationSettingsView.swift */; };
		55E7AEAD29257AF1002E6869 /* SettingsUtils.swift in Sources */ = {isa = PBXBuildFile; fileRef = 55E7AEAC29257AF1002E6869 /* SettingsUtils.swift */; };
		55ED8938291F628700CB170C /* SettingsValidator.swift in Sources */ = {isa = PBXBuildFile; fileRef = 55ED8937291F628700CB170C /* SettingsValidator.swift */; };
/* End PBXBuildFile section */

/* Begin PBXContainerItemProxy section */
		5120A3B52A78EC3A000B05B3 /* PBXContainerItemProxy */ = {
			isa = PBXContainerItemProxy;
			containerPortal = 550348BC291D7FB9006551B0 /* Project object */;
			proxyType = 1;
			remoteGlobalIDString = 5120A3A92A78EC39000B05B3;
			remoteInfo = "dcbattwebhook-swift-watch Watch App";
		};
/* End PBXContainerItemProxy section */

/* Begin PBXCopyFilesBuildPhase section */
		5120A3BB2A78EC3A000B05B3 /* Embed Watch Content */ = {
			isa = PBXCopyFilesBuildPhase;
			buildActionMask = 2147483647;
			dstPath = "$(CONTENTS_FOLDER_PATH)/Watch";
			dstSubfolderSpec = 16;
			files = (
				5120A3B72A78EC3A000B05B3 /* dcbattwebhook-swift-watch.app in Embed Watch Content */,
			);
			name = "Embed Watch Content";
			runOnlyForDeploymentPostprocessing = 0;
		};
/* End PBXCopyFilesBuildPhase section */

/* Begin PBXFileReference section */
		5120A3AA2A78EC39000B05B3 /* dcbattwebhook-swift-watch.app */ = {isa = PBXFileReference; explicitFileType = wrapper.application; includeInIndex = 0; path = "dcbattwebhook-swift-watch.app"; sourceTree = BUILT_PRODUCTS_DIR; };
		5173E4242A78F1520076663F /* SessionDelegate.swift */ = {isa = PBXFileReference; lastKnownFileType = sourcecode.swift; path = SessionDelegate.swift; sourceTree = "<group>"; };
		5173E4272A78F7C80076663F /* dcbattwebhook-swift-watch.entitlements */ = {isa = PBXFileReference; lastKnownFileType = text.plist.entitlements; path = "dcbattwebhook-swift-watch.entitlements"; sourceTree = "<group>"; };
		550348C4291D7FB9006551B0 /* dcbattwebhook-swift.app */ = {isa = PBXFileReference; explicitFileType = wrapper.application; includeInIndex = 0; path = "dcbattwebhook-swift.app"; sourceTree = BUILT_PRODUCTS_DIR; };
		550348C7291D7FB9006551B0 /* dcbattwebhook_swiftApp.swift */ = {isa = PBXFileReference; lastKnownFileType = sourcecode.swift; path = dcbattwebhook_swiftApp.swift; sourceTree = "<group>"; };
		550348C9291D7FB9006551B0 /* ContentView.swift */ = {isa = PBXFileReference; lastKnownFileType = sourcecode.swift; path = ContentView.swift; sourceTree = "<group>"; };
		550348CB291D7FB9006551B0 /* Assets.xcassets */ = {isa = PBXFileReference; lastKnownFileType = folder.assetcatalog; path = Assets.xcassets; sourceTree = "<group>"; };
		550348CD291D7FB9006551B0 /* dcbattwebhook_swift.entitlements */ = {isa = PBXFileReference; lastKnownFileType = text.plist.entitlements; path = dcbattwebhook_swift.entitlements; sourceTree = "<group>"; };
		550348CF291D7FB9006551B0 /* Preview Assets.xcassets */ = {isa = PBXFileReference; lastKnownFileType = folder.assetcatalog; path = "Preview Assets.xcassets"; sourceTree = "<group>"; };
		550348D6291D84E1006551B0 /* SettingsView.swift */ = {isa = PBXFileReference; lastKnownFileType = sourcecode.swift; path = SettingsView.swift; sourceTree = "<group>"; };
		550348D8291D9EB7006551B0 /* DeviceInfo.swift */ = {isa = PBXFileReference; lastKnownFileType = sourcecode.swift; path = DeviceInfo.swift; sourceTree = "<group>"; };
		550348DC291DA3BC006551B0 /* HomeUIView.swift */ = {isa = PBXFileReference; lastKnownFileType = sourcecode.swift; path = HomeUIView.swift; sourceTree = "<group>"; };
		556FE4A429253A0100C09A63 /* TimeCounter.swift */ = {isa = PBXFileReference; lastKnownFileType = sourcecode.swift; path = TimeCounter.swift; sourceTree = "<group>"; };
		557299C82936D5DF00D7523D /* WebhookSettingsView.swift */ = {isa = PBXFileReference; lastKnownFileType = sourcecode.swift; path = WebhookSettingsView.swift; sourceTree = "<group>"; };
		55950C59291DAC8400F1CAD8 /* SendBatteryInfo.swift */ = {isa = PBXFileReference; lastKnownFileType = sourcecode.swift; path = SendBatteryInfo.swift; sourceTree = "<group>"; };
		55950C5B291DDCDF00F1CAD8 /* AboutView.swift */ = {isa = PBXFileReference; lastKnownFileType = sourcecode.swift; path = AboutView.swift; sourceTree = "<group>"; };
		55B4E8E729316C0600492C77 /* MessageBuilder.swift */ = {isa = PBXFileReference; lastKnownFileType = sourcecode.swift; path = MessageBuilder.swift; sourceTree = "<group>"; };
		55B4E8E92931742300492C77 /* EmbedStructs.swift */ = {isa = PBXFileReference; lastKnownFileType = sourcecode.swift; path = EmbedStructs.swift; sourceTree = "<group>"; };
		55DE492829328BEB00DC68C3 /* AutomationSettingsView.swift */ = {isa = PBXFileReference; lastKnownFileType = sourcecode.swift; path = AutomationSettingsView.swift; sourceTree = "<group>"; };
		55E7AEA929253E8F002E6869 /* DefaultsUsed.md */ = {isa = PBXFileReference; lastKnownFileType = net.daringfireball.markdown; path = DefaultsUsed.md; sourceTree = "<group>"; };
		55E7AEAC29257AF1002E6869 /* SettingsUtils.swift */ = {isa = PBXFileReference; lastKnownFileType = sourcecode.swift; path = SettingsUtils.swift; sourceTree = "<group>"; };
		55EB99342A77419300F1450A /* Info.plist */ = {isa = PBXFileReference; lastKnownFileType = text.plist; path = Info.plist; sourceTree = "<group>"; };
		55ED8937291F628700CB170C /* SettingsValidator.swift */ = {isa = PBXFileReference; lastKnownFileType = sourcecode.swift; path = SettingsValidator.swift; sourceTree = "<group>"; };
/* End PBXFileReference section */

/* Begin PBXFrameworksBuildPhase section */
		5120A3A72A78EC39000B05B3 /* Frameworks */ = {
			isa = PBXFrameworksBuildPhase;
			buildActionMask = 2147483647;
			files = (
			);
			runOnlyForDeploymentPostprocessing = 0;
		};
		550348C1291D7FB9006551B0 /* Frameworks */ = {
			isa = PBXFrameworksBuildPhase;
			buildActionMask = 2147483647;
			files = (
			);
			runOnlyForDeploymentPostprocessing = 0;
		};
/* End PBXFrameworksBuildPhase section */

/* Begin PBXGroup section */
		5120A3A32A78EBDC000B05B3 /* Frameworks */ = {
			isa = PBXGroup;
			children = (
			);
			name = Frameworks;
			sourceTree = "<group>";
		};
		550348BB291D7FB9006551B0 = {
			isa = PBXGroup;
			children = (
				550348C6291D7FB9006551B0 /* dcbattwebhook-swift */,
				550348C5291D7FB9006551B0 /* Products */,
				5120A3A32A78EBDC000B05B3 /* Frameworks */,
			);
			sourceTree = "<group>";
		};
		550348C5291D7FB9006551B0 /* Products */ = {
			isa = PBXGroup;
			children = (
				550348C4291D7FB9006551B0 /* dcbattwebhook-swift.app */,
				5120A3AA2A78EC39000B05B3 /* dcbattwebhook-swift-watch.app */,
			);
			name = Products;
			sourceTree = "<group>";
		};
		550348C6291D7FB9006551B0 /* dcbattwebhook-swift */ = {
			isa = PBXGroup;
			children = (
				55EB99342A77419300F1450A /* Info.plist */,
				550348C7291D7FB9006551B0 /* dcbattwebhook_swiftApp.swift */,
				55950C5B291DDCDF00F1CAD8 /* AboutView.swift */,
				55E7AEAC29257AF1002E6869 /* SettingsUtils.swift */,
				550348C9291D7FB9006551B0 /* ContentView.swift */,
				550348DC291DA3BC006551B0 /* HomeUIView.swift */,
				55ED8937291F628700CB170C /* SettingsValidator.swift */,
				55950C59291DAC8400F1CAD8 /* SendBatteryInfo.swift */,
				55B4E8E729316C0600492C77 /* MessageBuilder.swift */,
				55B4E8E92931742300492C77 /* EmbedStructs.swift */,
				556FE4A429253A0100C09A63 /* TimeCounter.swift */,
				5173E4272A78F7C80076663F /* dcbattwebhook-swift-watch.entitlements */,
				55DE492829328BEB00DC68C3 /* AutomationSettingsView.swift */,
				557299C82936D5DF00D7523D /* WebhookSettingsView.swift */,
				550348D6291D84E1006551B0 /* SettingsView.swift */,
				550348D8291D9EB7006551B0 /* DeviceInfo.swift */,
				55E7AEA929253E8F002E6869 /* DefaultsUsed.md */,
				550348CB291D7FB9006551B0 /* Assets.xcassets */,
				550348CD291D7FB9006551B0 /* dcbattwebhook_swift.entitlements */,
				550348CE291D7FB9006551B0 /* Preview Content */,
				5173E4242A78F1520076663F /* SessionDelegate.swift */,
			);
			path = "dcbattwebhook-swift";
			sourceTree = "<group>";
		};
		550348CE291D7FB9006551B0 /* Preview Content */ = {
			isa = PBXGroup;
			children = (
				550348CF291D7FB9006551B0 /* Preview Assets.xcassets */,
			);
			path = "Preview Content";
			sourceTree = "<group>";
		};
/* End PBXGroup section */

/* Begin PBXNativeTarget section */
		5120A3A92A78EC39000B05B3 /* dcbattwebhook-swift-watch */ = {
			isa = PBXNativeTarget;
			buildConfigurationList = 5120A3B82A78EC3A000B05B3 /* Build configuration list for PBXNativeTarget "dcbattwebhook-swift-watch" */;
			buildPhases = (
				5120A3A62A78EC39000B05B3 /* Sources */,
				5120A3A72A78EC39000B05B3 /* Frameworks */,
				5120A3A82A78EC39000B05B3 /* Resources */,
			);
			buildRules = (
			);
			dependencies = (
			);
			name = "dcbattwebhook-swift-watch";
			productName = "dcbattwebhook-swift-watch Watch App";
			productReference = 5120A3AA2A78EC39000B05B3 /* dcbattwebhook-swift-watch.app */;
			productType = "com.apple.product-type.application";
		};
		550348C3291D7FB9006551B0 /* dcbattwebhook-swift */ = {
			isa = PBXNativeTarget;
			buildConfigurationList = 550348D3291D7FB9006551B0 /* Build configuration list for PBXNativeTarget "dcbattwebhook-swift" */;
			buildPhases = (
				550348C0291D7FB9006551B0 /* Sources */,
				550348C1291D7FB9006551B0 /* Frameworks */,
				550348C2291D7FB9006551B0 /* Resources */,
				5120A3BB2A78EC3A000B05B3 /* Embed Watch Content */,
			);
			buildRules = (
			);
			dependencies = (
				5120A3B62A78EC3A000B05B3 /* PBXTargetDependency */,
			);
			name = "dcbattwebhook-swift";
			productName = "dcbattwebhook-swift";
			productReference = 550348C4291D7FB9006551B0 /* dcbattwebhook-swift.app */;
			productType = "com.apple.product-type.application";
		};
/* End PBXNativeTarget section */

/* Begin PBXProject section */
		550348BC291D7FB9006551B0 /* Project object */ = {
			isa = PBXProject;
			attributes = {
				BuildIndependentTargetsInParallel = 1;
				LastSwiftUpdateCheck = 1430;
				LastUpgradeCheck = 1410;
				TargetAttributes = {
					5120A3A92A78EC39000B05B3 = {
						CreatedOnToolsVersion = 14.3;
					};
					550348C3291D7FB9006551B0 = {
						CreatedOnToolsVersion = 14.1;
						LastSwiftMigration = 1430;
					};
				};
			};
			buildConfigurationList = 550348BF291D7FB9006551B0 /* Build configuration list for PBXProject "dcbattwebhook-swift" */;
			compatibilityVersion = "Xcode 14.0";
			developmentRegion = en;
			hasScannedForEncodings = 0;
			knownRegions = (
				en,
				Base,
			);
			mainGroup = 550348BB291D7FB9006551B0;
			projectDirPath = "";
			projectRoot = "";
			targets = (
				550348C3291D7FB9006551B0 /* dcbattwebhook-swift */,
				5120A3A92A78EC39000B05B3 /* dcbattwebhook-swift-watch */,
			);
		};
/* End PBXProject section */

/* Begin PBXResourcesBuildPhase section */
		5120A3A82A78EC39000B05B3 /* Resources */ = {
			isa = PBXResourcesBuildPhase;
			buildActionMask = 2147483647;
			files = (
				5120A3BC2A78EC92000B05B3 /* Assets.xcassets in Resources */,
			);
			runOnlyForDeploymentPostprocessing = 0;
		};
		550348C2291D7FB9006551B0 /* Resources */ = {
			isa = PBXResourcesBuildPhase;
			buildActionMask = 2147483647;
			files = (
				550348D0291D7FB9006551B0 /* Preview Assets.xcassets in Resources */,
				550348CC291D7FB9006551B0 /* Assets.xcassets in Resources */,
			);
			runOnlyForDeploymentPostprocessing = 0;
		};
/* End PBXResourcesBuildPhase section */

/* Begin PBXSourcesBuildPhase section */
		5120A3A62A78EC39000B05B3 /* Sources */ = {
			isa = PBXSourcesBuildPhase;
			buildActionMask = 2147483647;
			files = (
				5173E4162A78EE980076663F /* dcbattwebhook_swiftApp.swift in Sources */,
				5173E4172A78EE980076663F /* AboutView.swift in Sources */,
				5173E4182A78EE980076663F /* SettingsUtils.swift in Sources */,
				5173E4192A78EE980076663F /* ContentView.swift in Sources */,
				5173E41A2A78EE980076663F /* HomeUIView.swift in Sources */,
				5173E41B2A78EE980076663F /* SettingsValidator.swift in Sources */,
				5173E4262A78F1520076663F /* SessionDelegate.swift in Sources */,
				5173E41C2A78EE980076663F /* SendBatteryInfo.swift in Sources */,
				5173E41D2A78EE980076663F /* MessageBuilder.swift in Sources */,
				5173E41E2A78EE980076663F /* EmbedStructs.swift in Sources */,
				5173E41F2A78EE980076663F /* TimeCounter.swift in Sources */,
				5173E4202A78EE980076663F /* AutomationSettingsView.swift in Sources */,
				5173E4212A78EE980076663F /* WebhookSettingsView.swift in Sources */,
				5173E4222A78EE980076663F /* SettingsView.swift in Sources */,
				5173E4232A78EE980076663F /* DeviceInfo.swift in Sources */,
			);
			runOnlyForDeploymentPostprocessing = 0;
		};
		550348C0291D7FB9006551B0 /* Sources */ = {
			isa = PBXSourcesBuildPhase;
			buildActionMask = 2147483647;
			files = (
				55B4E8E829316C0600492C77 /* MessageBuilder.swift in Sources */,
				557299C92936D5DF00D7523D /* WebhookSettingsView.swift in Sources */,
				550348D7291D84E1006551B0 /* SettingsView.swift in Sources */,
				55ED8938291F628700CB170C /* SettingsValidator.swift in Sources */,
				55E7AEAD29257AF1002E6869 /* SettingsUtils.swift in Sources */,
				55950C5C291DDCDF00F1CAD8 /* AboutView.swift in Sources */,
				5173E4252A78F1520076663F /* SessionDelegate.swift in Sources */,
				55950C5A291DAC8400F1CAD8 /* SendBatteryInfo.swift in Sources */,
				55B4E8EA2931742300492C77 /* EmbedStructs.swift in Sources */,
				55DE492929328BEB00DC68C3 /* AutomationSettingsView.swift in Sources */,
				550348DD291DA3BC006551B0 /* HomeUIView.swift in Sources */,
				550348CA291D7FB9006551B0 /* ContentView.swift in Sources */,
				556FE4A529253A0100C09A63 /* TimeCounter.swift in Sources */,
				550348C8291D7FB9006551B0 /* dcbattwebhook_swiftApp.swift in Sources */,
				550348D9291D9EB7006551B0 /* DeviceInfo.swift in Sources */,
			);
			runOnlyForDeploymentPostprocessing = 0;
		};
/* End PBXSourcesBuildPhase section */

/* Begin PBXTargetDependency section */
		5120A3B62A78EC3A000B05B3 /* PBXTargetDependency */ = {
			isa = PBXTargetDependency;
			platformFilter = ios;
			target = 5120A3A92A78EC39000B05B3 /* dcbattwebhook-swift-watch */;
			targetProxy = 5120A3B52A78EC3A000B05B3 /* PBXContainerItemProxy */;
		};
/* End PBXTargetDependency section */

/* Begin XCBuildConfiguration section */
		5120A3B92A78EC3A000B05B3 /* Debug */ = {
			isa = XCBuildConfiguration;
			buildSettings = {
				ASSETCATALOG_COMPILER_APPICON_NAME = AppIcon;
				ASSETCATALOG_COMPILER_GLOBAL_ACCENT_COLOR_NAME = AccentColor;
				CODE_SIGN_ENTITLEMENTS = "dcbattwebhook-swift/dcbattwebhook-swift-watch.entitlements";
				CODE_SIGN_IDENTITY = "Apple Development";
				"CODE_SIGN_IDENTITY[sdk=macosx*]" = "Apple Development";
				CODE_SIGN_STYLE = Automatic;
				CURRENT_PROJECT_VERSION = 1;
				DEVELOPMENT_ASSET_PATHS = "dcbattwebhook-swift/Preview\\ Content";
				DEVELOPMENT_TEAM = YW9DB3Q4MQ;
				ENABLE_PREVIEWS = YES;
				GENERATE_INFOPLIST_FILE = YES;
				INFOPLIST_FILE = "dcbattwebhook-swift/Info.plist";
				INFOPLIST_KEY_CFBundleDisplayName = "dcbattwebhook-swift-watch";
				INFOPLIST_KEY_UISupportedInterfaceOrientations = "UIInterfaceOrientationPortrait UIInterfaceOrientationPortraitUpsideDown";
				INFOPLIST_KEY_WKCompanionAppBundleIdentifier = "$(PRODUCT_IDENTIFIER)";
				INFOPLIST_KEY_WKRunsIndependentlyOfCompanionApp = YES;
				LD_RUNPATH_SEARCH_PATHS = (
					"$(inherited)",
					"@executable_path/Frameworks",
				);
				MARKETING_VERSION = 1.0;
				PRODUCT_BUNDLE_IDENTIFIER = "$(PRODUCT_IDENTIFIER).watch";
				PRODUCT_NAME = "$(TARGET_NAME)";
				SDKROOT = watchos;
				SKIP_INSTALL = YES;
				SWIFT_EMIT_LOC_STRINGS = YES;
				SWIFT_VERSION = 5.0;
				TARGETED_DEVICE_FAMILY = 4;
				WATCHOS_DEPLOYMENT_TARGET = 8.0;
			};
			name = Debug;
		};
		5120A3BA2A78EC3A000B05B3 /* Release */ = {
			isa = XCBuildConfiguration;
			buildSettings = {
				ASSETCATALOG_COMPILER_APPICON_NAME = AppIcon;
				ASSETCATALOG_COMPILER_GLOBAL_ACCENT_COLOR_NAME = AccentColor;
				CODE_SIGN_ENTITLEMENTS = "dcbattwebhook-swift/dcbattwebhook-swift-watch.entitlements";
				CODE_SIGN_IDENTITY = "Apple Development";
				"CODE_SIGN_IDENTITY[sdk=macosx*]" = "Apple Development";
				CODE_SIGN_STYLE = Automatic;
				CURRENT_PROJECT_VERSION = 1;
				DEVELOPMENT_ASSET_PATHS = "dcbattwebhook-swift/Preview\\ Content";
				DEVELOPMENT_TEAM = YW9DB3Q4MQ;
				ENABLE_PREVIEWS = YES;
				GENERATE_INFOPLIST_FILE = YES;
				INFOPLIST_FILE = "dcbattwebhook-swift/Info.plist";
				INFOPLIST_KEY_CFBundleDisplayName = "dcbattwebhook-swift-watch";
				INFOPLIST_KEY_UISupportedInterfaceOrientations = "UIInterfaceOrientationPortrait UIInterfaceOrientationPortraitUpsideDown";
				INFOPLIST_KEY_WKCompanionAppBundleIdentifier = "$(PRODUCT_IDENTIFIER)";
				INFOPLIST_KEY_WKRunsIndependentlyOfCompanionApp = YES;
				LD_RUNPATH_SEARCH_PATHS = (
					"$(inherited)",
					"@executable_path/Frameworks",
				);
				MARKETING_VERSION = 1.0;
				PRODUCT_BUNDLE_IDENTIFIER = "$(PRODUCT_IDENTIFIER).watch";
				PRODUCT_NAME = "$(TARGET_NAME)";
				SDKROOT = watchos;
				SKIP_INSTALL = YES;
				SWIFT_EMIT_LOC_STRINGS = YES;
				SWIFT_VERSION = 5.0;
				TARGETED_DEVICE_FAMILY = 4;
				VALIDATE_PRODUCT = YES;
				WATCHOS_DEPLOYMENT_TARGET = 8.0;
			};
			name = Release;
		};
		550348D1291D7FB9006551B0 /* Debug */ = {
			isa = XCBuildConfiguration;
			buildSettings = {
				ALWAYS_SEARCH_USER_PATHS = NO;
				CLANG_ANALYZER_NONNULL = YES;
				CLANG_ANALYZER_NUMBER_OBJECT_CONVERSION = YES_AGGRESSIVE;
				CLANG_CXX_LANGUAGE_STANDARD = "gnu++20";
				CLANG_ENABLE_MODULES = YES;
				CLANG_ENABLE_OBJC_ARC = YES;
				CLANG_ENABLE_OBJC_WEAK = YES;
				CLANG_WARN_BLOCK_CAPTURE_AUTORELEASING = YES;
				CLANG_WARN_BOOL_CONVERSION = YES;
				CLANG_WARN_COMMA = YES;
				CLANG_WARN_CONSTANT_CONVERSION = YES;
				CLANG_WARN_DEPRECATED_OBJC_IMPLEMENTATIONS = YES;
				CLANG_WARN_DIRECT_OBJC_ISA_USAGE = YES_ERROR;
				CLANG_WARN_DOCUMENTATION_COMMENTS = YES;
				CLANG_WARN_EMPTY_BODY = YES;
				CLANG_WARN_ENUM_CONVERSION = YES;
				CLANG_WARN_INFINITE_RECURSION = YES;
				CLANG_WARN_INT_CONVERSION = YES;
				CLANG_WARN_NON_LITERAL_NULL_CONVERSION = YES;
				CLANG_WARN_OBJC_IMPLICIT_RETAIN_SELF = YES;
				CLANG_WARN_OBJC_LITERAL_CONVERSION = YES;
				CLANG_WARN_OBJC_ROOT_CLASS = YES_ERROR;
				CLANG_WARN_QUOTED_INCLUDE_IN_FRAMEWORK_HEADER = YES;
				CLANG_WARN_RANGE_LOOP_ANALYSIS = YES;
				CLANG_WARN_STRICT_PROTOTYPES = YES;
				CLANG_WARN_SUSPICIOUS_MOVE = YES;
				CLANG_WARN_UNGUARDED_AVAILABILITY = YES_AGGRESSIVE;
				CLANG_WARN_UNREACHABLE_CODE = YES;
				CLANG_WARN__DUPLICATE_METHOD_MATCH = YES;
				COPY_PHASE_STRIP = NO;
				DEBUG_INFORMATION_FORMAT = dwarf;
				ENABLE_STRICT_OBJC_MSGSEND = YES;
				ENABLE_TESTABILITY = YES;
				GCC_C_LANGUAGE_STANDARD = gnu11;
				GCC_DYNAMIC_NO_PIC = NO;
				GCC_NO_COMMON_BLOCKS = YES;
				GCC_OPTIMIZATION_LEVEL = 0;
				GCC_PREPROCESSOR_DEFINITIONS = (
					"DEBUG=1",
					"$(inherited)",
				);
				GCC_WARN_64_TO_32_BIT_CONVERSION = YES;
				GCC_WARN_ABOUT_RETURN_TYPE = YES_ERROR;
				GCC_WARN_UNDECLARED_SELECTOR = YES;
				GCC_WARN_UNINITIALIZED_AUTOS = YES_AGGRESSIVE;
				GCC_WARN_UNUSED_FUNCTION = YES;
				GCC_WARN_UNUSED_VARIABLE = YES;
				MTL_ENABLE_DEBUG_INFO = INCLUDE_SOURCE;
				MTL_FAST_MATH = YES;
				ONLY_ACTIVE_ARCH = YES;
				PRODUCT_IDENTIFIER = "com.dhinakg.thatstel.la.dcbattwebhook-swift";
				SWIFT_ACTIVE_COMPILATION_CONDITIONS = DEBUG;
				SWIFT_OPTIMIZATION_LEVEL = "-Onone";
			};
			name = Debug;
		};
		550348D2291D7FB9006551B0 /* Release */ = {
			isa = XCBuildConfiguration;
			buildSettings = {
				ALWAYS_SEARCH_USER_PATHS = NO;
				CLANG_ANALYZER_NONNULL = YES;
				CLANG_ANALYZER_NUMBER_OBJECT_CONVERSION = YES_AGGRESSIVE;
				CLANG_CXX_LANGUAGE_STANDARD = "gnu++20";
				CLANG_ENABLE_MODULES = YES;
				CLANG_ENABLE_OBJC_ARC = YES;
				CLANG_ENABLE_OBJC_WEAK = YES;
				CLANG_WARN_BLOCK_CAPTURE_AUTORELEASING = YES;
				CLANG_WARN_BOOL_CONVERSION = YES;
				CLANG_WARN_COMMA = YES;
				CLANG_WARN_CONSTANT_CONVERSION = YES;
				CLANG_WARN_DEPRECATED_OBJC_IMPLEMENTATIONS = YES;
				CLANG_WARN_DIRECT_OBJC_ISA_USAGE = YES_ERROR;
				CLANG_WARN_DOCUMENTATION_COMMENTS = YES;
				CLANG_WARN_EMPTY_BODY = YES;
				CLANG_WARN_ENUM_CONVERSION = YES;
				CLANG_WARN_INFINITE_RECURSION = YES;
				CLANG_WARN_INT_CONVERSION = YES;
				CLANG_WARN_NON_LITERAL_NULL_CONVERSION = YES;
				CLANG_WARN_OBJC_IMPLICIT_RETAIN_SELF = YES;
				CLANG_WARN_OBJC_LITERAL_CONVERSION = YES;
				CLANG_WARN_OBJC_ROOT_CLASS = YES_ERROR;
				CLANG_WARN_QUOTED_INCLUDE_IN_FRAMEWORK_HEADER = YES;
				CLANG_WARN_RANGE_LOOP_ANALYSIS = YES;
				CLANG_WARN_STRICT_PROTOTYPES = YES;
				CLANG_WARN_SUSPICIOUS_MOVE = YES;
				CLANG_WARN_UNGUARDED_AVAILABILITY = YES_AGGRESSIVE;
				CLANG_WARN_UNREACHABLE_CODE = YES;
				CLANG_WARN__DUPLICATE_METHOD_MATCH = YES;
				COPY_PHASE_STRIP = NO;
				DEBUG_INFORMATION_FORMAT = "dwarf-with-dsym";
				ENABLE_NS_ASSERTIONS = NO;
				ENABLE_STRICT_OBJC_MSGSEND = YES;
				GCC_C_LANGUAGE_STANDARD = gnu11;
				GCC_NO_COMMON_BLOCKS = YES;
				GCC_WARN_64_TO_32_BIT_CONVERSION = YES;
				GCC_WARN_ABOUT_RETURN_TYPE = YES_ERROR;
				GCC_WARN_UNDECLARED_SELECTOR = YES;
				GCC_WARN_UNINITIALIZED_AUTOS = YES_AGGRESSIVE;
				GCC_WARN_UNUSED_FUNCTION = YES;
				GCC_WARN_UNUSED_VARIABLE = YES;
				MTL_ENABLE_DEBUG_INFO = NO;
				MTL_FAST_MATH = YES;
				PRODUCT_IDENTIFIER = "com.dhinakg.thatstel.la.dcbattwebhook-swift";
				SWIFT_COMPILATION_MODE = wholemodule;
				SWIFT_OPTIMIZATION_LEVEL = "-O";
			};
			name = Release;
		};
		550348D4291D7FB9006551B0 /* Debug */ = {
			isa = XCBuildConfiguration;
			buildSettings = {
				ALWAYS_EMBED_SWIFT_STANDARD_LIBRARIES = YES;
				ASSETCATALOG_COMPILER_APPICON_NAME = AppIcon;
				ASSETCATALOG_COMPILER_GLOBAL_ACCENT_COLOR_NAME = AccentColor;
				CLANG_ENABLE_MODULES = YES;
				CODE_SIGN_ENTITLEMENTS = "dcbattwebhook-swift/dcbattwebhook_swift.entitlements";
				CODE_SIGN_IDENTITY = "Apple Development";
				"CODE_SIGN_IDENTITY[sdk=macosx*]" = "Apple Development";
				CODE_SIGN_STYLE = Automatic;
				CURRENT_PROJECT_VERSION = 1;
				DEVELOPMENT_ASSET_PATHS = "\"dcbattwebhook-swift/Preview Content\"";
				DEVELOPMENT_TEAM = YW9DB3Q4MQ;
				ENABLE_HARDENED_RUNTIME = NO;
				ENABLE_PREVIEWS = YES;
				GENERATE_INFOPLIST_FILE = YES;
				INFOPLIST_FILE = "dcbattwebhook-swift/Info.plist";
				INFOPLIST_KEY_CFBundleDisplayName = "Battery Webhook";
				INFOPLIST_KEY_LSApplicationCategoryType = "public.app-category.developer-tools";
				"INFOPLIST_KEY_UIApplicationSceneManifest_Generation[sdk=iphoneos*]" = YES;
				"INFOPLIST_KEY_UIApplicationSceneManifest_Generation[sdk=iphonesimulator*]" = YES;
				"INFOPLIST_KEY_UIApplicationSupportsIndirectInputEvents[sdk=iphoneos*]" = YES;
				"INFOPLIST_KEY_UIApplicationSupportsIndirectInputEvents[sdk=iphonesimulator*]" = YES;
				"INFOPLIST_KEY_UILaunchScreen_Generation[sdk=iphoneos*]" = YES;
				"INFOPLIST_KEY_UILaunchScreen_Generation[sdk=iphonesimulator*]" = YES;
				"INFOPLIST_KEY_UIStatusBarStyle[sdk=iphoneos*]" = UIStatusBarStyleDefault;
				"INFOPLIST_KEY_UIStatusBarStyle[sdk=iphonesimulator*]" = UIStatusBarStyleDefault;
				INFOPLIST_KEY_UISupportedInterfaceOrientations = "UIInterfaceOrientationLandscapeLeft UIInterfaceOrientationLandscapeRight UIInterfaceOrientationPortrait UIInterfaceOrientationPortraitUpsideDown";
				IPHONEOS_DEPLOYMENT_TARGET = 15.0;
				LD_RUNPATH_SEARCH_PATHS = "@executable_path/Frameworks";
				"LD_RUNPATH_SEARCH_PATHS[sdk=macosx*]" = "@executable_path/../Frameworks";
				MACOSX_DEPLOYMENT_TARGET = 12.0;
				MARKETING_VERSION = 1.0;
				PRODUCT_BUNDLE_IDENTIFIER = "$(PRODUCT_IDENTIFIER)";
				PRODUCT_NAME = "$(TARGET_NAME)";
				PROVISIONING_PROFILE_SPECIFIER = "";
				SDKROOT = auto;
				SUPPORTED_PLATFORMS = "appletvos appletvsimulator iphoneos iphonesimulator macosx xros xrsimulator";
				SUPPORTS_MACCATALYST = YES;
				SUPPORTS_MAC_DESIGNED_FOR_IPHONE_IPAD = NO;
				SUPPORTS_XR_DESIGNED_FOR_IPHONE_IPAD = YES;
				SWIFT_EMIT_LOC_STRINGS = YES;
				SWIFT_OPTIMIZATION_LEVEL = "-Onone";
				SWIFT_VERSION = 5.0;
				TARGETED_DEVICE_FAMILY = "1,2,3,7";
				TVOS_DEPLOYMENT_TARGET = 15.0;
			};
			name = Debug;
		};
		550348D5291D7FB9006551B0 /* Release */ = {
			isa = XCBuildConfiguration;
			buildSettings = {
				ALWAYS_EMBED_SWIFT_STANDARD_LIBRARIES = YES;
				ASSETCATALOG_COMPILER_APPICON_NAME = AppIcon;
				ASSETCATALOG_COMPILER_GLOBAL_ACCENT_COLOR_NAME = AccentColor;
				CLANG_ENABLE_MODULES = YES;
				CODE_SIGN_ENTITLEMENTS = "dcbattwebhook-swift/dcbattwebhook_swift.entitlements";
				CODE_SIGN_IDENTITY = "Apple Development";
				"CODE_SIGN_IDENTITY[sdk=macosx*]" = "Apple Development";
				CODE_SIGN_STYLE = Automatic;
				CURRENT_PROJECT_VERSION = 1;
				DEVELOPMENT_ASSET_PATHS = "\"dcbattwebhook-swift/Preview Content\"";
				DEVELOPMENT_TEAM = YW9DB3Q4MQ;
				ENABLE_HARDENED_RUNTIME = NO;
				ENABLE_PREVIEWS = YES;
				GENERATE_INFOPLIST_FILE = YES;
				INFOPLIST_FILE = "dcbattwebhook-swift/Info.plist";
				INFOPLIST_KEY_CFBundleDisplayName = "Battery Webhook";
				INFOPLIST_KEY_LSApplicationCategoryType = "public.app-category.developer-tools";
				"INFOPLIST_KEY_UIApplicationSceneManifest_Generation[sdk=iphoneos*]" = YES;
				"INFOPLIST_KEY_UIApplicationSceneManifest_Generation[sdk=iphonesimulator*]" = YES;
				"INFOPLIST_KEY_UIApplicationSupportsIndirectInputEvents[sdk=iphoneos*]" = YES;
				"INFOPLIST_KEY_UIApplicationSupportsIndirectInputEvents[sdk=iphonesimulator*]" = YES;
				"INFOPLIST_KEY_UILaunchScreen_Generation[sdk=iphoneos*]" = YES;
				"INFOPLIST_KEY_UILaunchScreen_Generation[sdk=iphonesimulator*]" = YES;
				"INFOPLIST_KEY_UIStatusBarStyle[sdk=iphoneos*]" = UIStatusBarStyleDefault;
				"INFOPLIST_KEY_UIStatusBarStyle[sdk=iphonesimulator*]" = UIStatusBarStyleDefault;
				INFOPLIST_KEY_UISupportedInterfaceOrientations = "UIInterfaceOrientationLandscapeLeft UIInterfaceOrientationLandscapeRight UIInterfaceOrientationPortrait UIInterfaceOrientationPortraitUpsideDown";
				IPHONEOS_DEPLOYMENT_TARGET = 15.0;
				LD_RUNPATH_SEARCH_PATHS = "@executable_path/Frameworks";
				"LD_RUNPATH_SEARCH_PATHS[sdk=macosx*]" = "@executable_path/../Frameworks";
				MACOSX_DEPLOYMENT_TARGET = 12.0;
				MARKETING_VERSION = 1.0;
				PRODUCT_BUNDLE_IDENTIFIER = "$(PRODUCT_IDENTIFIER)";
				PRODUCT_NAME = "$(TARGET_NAME)";
				PROVISIONING_PROFILE_SPECIFIER = "";
				SDKROOT = auto;
				SUPPORTED_PLATFORMS = "appletvos appletvsimulator iphoneos iphonesimulator macosx xros xrsimulator";
				SUPPORTS_MACCATALYST = YES;
				SUPPORTS_MAC_DESIGNED_FOR_IPHONE_IPAD = NO;
				SUPPORTS_XR_DESIGNED_FOR_IPHONE_IPAD = YES;
				SWIFT_EMIT_LOC_STRINGS = YES;
				SWIFT_VERSION = 5.0;
				TARGETED_DEVICE_FAMILY = "1,2,3,7";
				TVOS_DEPLOYMENT_TARGET = 15.0;
			};
			name = Release;
		};
/* End XCBuildConfiguration section */

/* Begin XCConfigurationList section */
		5120A3B82A78EC3A000B05B3 /* Build configuration list for PBXNativeTarget "dcbattwebhook-swift-watch" */ = {
			isa = XCConfigurationList;
			buildConfigurations = (
				5120A3B92A78EC3A000B05B3 /* Debug */,
				5120A3BA2A78EC3A000B05B3 /* Release */,
			);
			defaultConfigurationIsVisible = 0;
			defaultConfigurationName = Release;
		};
		550348BF291D7FB9006551B0 /* Build configuration list for PBXProject "dcbattwebhook-swift" */ = {
			isa = XCConfigurationList;
			buildConfigurations = (
				550348D1291D7FB9006551B0 /* Debug */,
				550348D2291D7FB9006551B0 /* Release */,
			);
			defaultConfigurationIsVisible = 0;
			defaultConfigurationName = Release;
		};
		550348D3291D7FB9006551B0 /* Build configuration list for PBXNativeTarget "dcbattwebhook-swift" */ = {
			isa = XCConfigurationList;
			buildConfigurations = (
				550348D4291D7FB9006551B0 /* Debug */,
				550348D5291D7FB9006551B0 /* Release */,
			);
			defaultConfigurationIsVisible = 0;
			defaultConfigurationName = Release;
		};
/* End XCConfigurationList section */
	};
	rootObject = 550348BC291D7FB9006551B0 /* Project object */;
}
